PATH
  remote: .
  specs:
    simple_http_service (0.2.0)
      net-http (>= 0.4)

GEM
  remote: https://rubygems.org/
  specs:
    diff-lcs (1.6.2)
    net-http (0.9.1)
      uri (>= 0.11.1)
    rake (13.4.2)
    rspec (3.13.2)
      rspec-core (~> 3.13.0)
      rspec-expectations (~> 3.13.0)
      rspec-mocks (~> 3.13.0)
    rspec-core (3.13.6)
      rspec-support (~> 3.13.0)
    rspec-expectations (3.13.5)
      diff-lcs (>= 1.2.0, < 2.0)
      rspec-support (~> 3.13.0)
    rspec-mocks (3.13.8)
      diff-lcs (>= 1.2.0, < 2.0)
      rspec-support (~> 3.13.0)
    rspec-support (3.13.7)
    uri (1.1.1)
    yard (0.9.44)

PLATFORMS
  ruby

DEPENDENCIES
  bundler (~> 2.0)
  rake (~> 13.0)
  rspec (~> 3.13.0)
  rspec-core (~> 3.13.1)
  simple_http_service!
  yard

BUNDLED WITH
   2.5.11
